// !$*UTF8*$!
{
	archiveVersion = 1;
	classes = {
	};
	objectVersion = 46;
	objects = {

/* Begin PBXBuildFile section */
		430BC5A51D8BB695003375F0 /* AppDelegate.swift in Sources */ = {isa = PBXBuildFile; fileRef = 430BC5A41D8BB695003375F0 /* AppDelegate.swift */; };
		430BC5A71D8BB695003375F0 /* ViewController.swift in Sources */ = {isa = PBXBuildFile; fileRef = 430BC5A61D8BB695003375F0 /* ViewController.swift */; };
		430BC5AA1D8BB695003375F0 /* Main.storyboard in Resources */ = {isa = PBXBuildFile; fileRef = 430BC5A81D8BB695003375F0 /* Main.storyboard */; };
		430BC5AD1D8BB695003375F0 /* whatsfor5.xcdatamodeld in Sources */ = {isa = PBXBuildFile; fileRef = 430BC5AB1D8BB695003375F0 /* whatsfor5.xcdatamodeld */; };
		430BC5AF1D8BB695003375F0 /* Assets.xcassets in Resources */ = {isa = PBXBuildFile; fileRef = 430BC5AE1D8BB695003375F0 /* Assets.xcassets */; };
		430BC5B21D8BB695003375F0 /* LaunchScreen.storyboard in Resources */ = {isa = PBXBuildFile; fileRef = 430BC5B01D8BB695003375F0 /* LaunchScreen.storyboard */; };
		430BC5C01D971CA5003375F0 /* Roboto in Resources */ = {isa = PBXBuildFile; fileRef = 430BC5BF1D971CA5003375F0 /* Roboto */; };
		430BC5C21D971D40003375F0 /* Noto_Sans in Resources */ = {isa = PBXBuildFile; fileRef = 430BC5C11D971D40003375F0 /* Noto_Sans */; };
		430BC5C41D9720AF003375F0 /* W5_logo.png in Resources */ = {isa = PBXBuildFile; fileRef = 430BC5C31D9720AF003375F0 /* W5_logo.png */; };
		430BC5C61D9738D0003375F0 /* Constants.swift in Sources */ = {isa = PBXBuildFile; fileRef = 430BC5C51D9738D0003375F0 /* Constants.swift */; };
		430BC5CB1D98DABB003375F0 /* ic_location_off_black_48dp in Resources */ = {isa = PBXBuildFile; fileRef = 430BC5CA1D98DABB003375F0 /* ic_location_off_black_48dp */; };
		430BC5CF1D98DC1B003375F0 /* ic_menu_black_48dp in Resources */ = {isa = PBXBuildFile; fileRef = 430BC5CE1D98DC1B003375F0 /* ic_menu_black_48dp */; };
		430BC5D11D98DFF8003375F0 /* MaterialTextField.swift in Sources */ = {isa = PBXBuildFile; fileRef = 430BC5D01D98DFF8003375F0 /* MaterialTextField.swift */; };
		430BC5D31D98E023003375F0 /* MaterialView.swift in Sources */ = {isa = PBXBuildFile; fileRef = 430BC5D21D98E023003375F0 /* MaterialView.swift */; };
		430BC5D91DA08D4D003375F0 /* ic_search_white_48dp in Resources */ = {isa = PBXBuildFile; fileRef = 430BC5D81DA08D4D003375F0 /* ic_search_white_48dp */; };
		430BC5DB1DA08D73003375F0 /* ic_menu_white_48dp in Resources */ = {isa = PBXBuildFile; fileRef = 430BC5DA1DA08D73003375F0 /* ic_menu_white_48dp */; };
		430BC5DE1DA090A3003375F0 /* beefbob.png in Resources */ = {isa = PBXBuildFile; fileRef = 430BC5DD1DA090A3003375F0 /* beefbob.png */; };
		430BC5E01DA096E9003375F0 /* ic_check_black_48dp in Resources */ = {isa = PBXBuildFile; fileRef = 430BC5DF1DA096E9003375F0 /* ic_check_black_48dp */; };
		433488171DAC704200FEC2D6 /* beef-burrito.jpg in Resources */ = {isa = PBXBuildFile; fileRef = 433488161DAC704200FEC2D6 /* beef-burrito.jpg */; };
		43D8227F1DA3842600A47C01 /* FeedVC.swift in Sources */ = {isa = PBXBuildFile; fileRef = 43D8227E1DA3842600A47C01 /* FeedVC.swift */; };
		43D822811DA3859100A47C01 /* PostCell.swift in Sources */ = {isa = PBXBuildFile; fileRef = 43D822801DA3859100A47C01 /* PostCell.swift */; };
/* End PBXBuildFile section */

/* Begin PBXFileReference section */
		430BC5A11D8BB695003375F0 /* whatsfor5.app */ = {isa = PBXFileReference; explicitFileType = wrapper.application; includeInIndex = 0; path = whatsfor5.app; sourceTree = BUILT_PRODUCTS_DIR; };
		430BC5A41D8BB695003375F0 /* AppDelegate.swift */ = {isa = PBXFileReference; lastKnownFileType = sourcecode.swift; path = AppDelegate.swift; sourceTree = "<group>"; };
		430BC5A61D8BB695003375F0 /* ViewController.swift */ = {isa = PBXFileReference; lastKnownFileType = sourcecode.swift; path = ViewController.swift; sourceTree = "<group>"; };
		430BC5A91D8BB695003375F0 /* Base */ = {isa = PBXFileReference; lastKnownFileType = file.storyboard; name = Base; path = Base.lproj/Main.storyboard; sourceTree = "<group>"; };
		430BC5AC1D8BB695003375F0 /* whatsfor5.xcdatamodel */ = {isa = PBXFileReference; lastKnownFileType = wrapper.xcdatamodel; path = whatsfor5.xcdatamodel; sourceTree = "<group>"; };
		430BC5AE1D8BB695003375F0 /* Assets.xcassets */ = {isa = PBXFileReference; lastKnownFileType = folder.assetcatalog; path = Assets.xcassets; sourceTree = "<group>"; };
		430BC5B11D8BB695003375F0 /* Base */ = {isa = PBXFileReference; lastKnownFileType = file.storyboard; name = Base; path = Base.lproj/LaunchScreen.storyboard; sourceTree = "<group>"; };
		430BC5B31D8BB695003375F0 /* Info.plist */ = {isa = PBXFileReference; lastKnownFileType = text.plist.xml; path = Info.plist; sourceTree = "<group>"; };
		430BC5BF1D971CA5003375F0 /* Roboto */ = {isa = PBXFileReference; lastKnownFileType = folder; path = Roboto; sourceTree = "<group>"; };
		430BC5C11D971D40003375F0 /* Noto_Sans */ = {isa = PBXFileReference; lastKnownFileType = folder; path = Noto_Sans; sourceTree = "<group>"; };
		430BC5C31D9720AF003375F0 /* W5_logo.png */ = {isa = PBXFileReference; lastKnownFileType = image.png; path = W5_logo.png; sourceTree = "<group>"; };
		430BC5C51D9738D0003375F0 /* Constants.swift */ = {isa = PBXFileReference; fileEncoding = 4; lastKnownFileType = sourcecode.swift; path = Constants.swift; sourceTree = "<group>"; };
		430BC5CA1D98DABB003375F0 /* ic_location_off_black_48dp */ = {isa = PBXFileReference; lastKnownFileType = folder; path = ic_location_off_black_48dp; sourceTree = "<group>"; };
		430BC5CE1D98DC1B003375F0 /* ic_menu_black_48dp */ = {isa = PBXFileReference; lastKnownFileType = folder; path = ic_menu_black_48dp; sourceTree = "<group>"; };
		430BC5D01D98DFF8003375F0 /* MaterialTextField.swift */ = {isa = PBXFileReference; fileEncoding = 4; lastKnownFileType = sourcecode.swift; path = MaterialTextField.swift; sourceTree = "<group>"; };
		430BC5D21D98E023003375F0 /* MaterialView.swift */ = {isa = PBXFileReference; fileEncoding = 4; lastKnownFileType = sourcecode.swift; path = MaterialView.swift; sourceTree = "<group>"; };
		430BC5D81DA08D4D003375F0 /* ic_search_white_48dp */ = {isa = PBXFileReference; lastKnownFileType = folder; path = ic_search_white_48dp; sourceTree = "<group>"; };
		430BC5DA1DA08D73003375F0 /* ic_menu_white_48dp */ = {isa = PBXFileReference; lastKnownFileType = folder; path = ic_menu_white_48dp; sourceTree = "<group>"; };
		430BC5DD1DA090A3003375F0 /* beefbob.png */ = {isa = PBXFileReference; lastKnownFileType = image.png; path = beefbob.png; sourceTree = "<group>"; };
		430BC5DF1DA096E9003375F0 /* ic_check_black_48dp */ = {isa = PBXFileReference; lastKnownFileType = folder; path = ic_check_black_48dp; sourceTree = "<group>"; };
		433488161DAC704200FEC2D6 /* beef-burrito.jpg */ = {isa = PBXFileReference; lastKnownFileType = image.jpeg; path = "beef-burrito.jpg"; sourceTree = "<group>"; };
		43D8227E1DA3842600A47C01 /* FeedVC.swift */ = {isa = PBXFileReference; fileEncoding = 4; lastKnownFileType = sourcecode.swift; path = FeedVC.swift; sourceTree = "<group>"; };
		43D822801DA3859100A47C01 /* PostCell.swift */ = {isa = PBXFileReference; fileEncoding = 4; lastKnownFileType = sourcecode.swift; path = PostCell.swift; sourceTree = "<group>"; };
/* End PBXFileReference section */

/* Begin PBXFrameworksBuildPhase section */
		430BC59E1D8BB695003375F0 /* Frameworks */ = {
			isa = PBXFrameworksBuildPhase;
			buildActionMask = 2147483647;
			files = (
			);
			runOnlyForDeploymentPostprocessing = 0;
		};
/* End PBXFrameworksBuildPhase section */

/* Begin PBXGroup section */
		430BC5981D8BB695003375F0 = {
			isa = PBXGroup;
			children = (
				430BC5A31D8BB695003375F0 /* whatsfor5 */,
				430BC5A21D8BB695003375F0 /* Products */,
			);
			sourceTree = "<group>";
		};
		430BC5A21D8BB695003375F0 /* Products */ = {
			isa = PBXGroup;
			children = (
				430BC5A11D8BB695003375F0 /* whatsfor5.app */,
			);
			name = Products;
			sourceTree = "<group>";
		};
		430BC5A31D8BB695003375F0 /* whatsfor5 */ = {
			isa = PBXGroup;
			children = (
				430BC5B91D97116F003375F0 /* Util */,
				430BC5BA1D97117E003375F0 /* Model */,
				430BC5BB1D971197003375F0 /* View */,
				430BC5BC1D9711A8003375F0 /* Controller */,
				430BC5BD1D9711B6003375F0 /* Resources */,
				430BC5A41D8BB695003375F0 /* AppDelegate.swift */,
				430BC5A81D8BB695003375F0 /* Main.storyboard */,
				430BC5AE1D8BB695003375F0 /* Assets.xcassets */,
				430BC5B01D8BB695003375F0 /* LaunchScreen.storyboard */,
				430BC5B31D8BB695003375F0 /* Info.plist */,
				430BC5AB1D8BB695003375F0 /* whatsfor5.xcdatamodeld */,
			);
			path = whatsfor5;
			sourceTree = "<group>";
		};
		430BC5B91D97116F003375F0 /* Util */ = {
			isa = PBXGroup;
			children = (
				430BC5C51D9738D0003375F0 /* Constants.swift */,
			);
			name = Util;
			sourceTree = "<group>";
		};
		430BC5BA1D97117E003375F0 /* Model */ = {
			isa = PBXGroup;
			children = (
			);
			name = Model;
			sourceTree = "<group>";
		};
		430BC5BB1D971197003375F0 /* View */ = {
			isa = PBXGroup;
			children = (
				430BC5D01D98DFF8003375F0 /* MaterialTextField.swift */,
				430BC5D21D98E023003375F0 /* MaterialView.swift */,
				43D822801DA3859100A47C01 /* PostCell.swift */,
			);
			name = View;
			sourceTree = "<group>";
		};
		430BC5BC1D9711A8003375F0 /* Controller */ = {
			isa = PBXGroup;
			children = (
				430BC5A61D8BB695003375F0 /* ViewController.swift */,
				43D8227E1DA3842600A47C01 /* FeedVC.swift */,
			);
			name = Controller;
			sourceTree = "<group>";
		};
		430BC5BD1D9711B6003375F0 /* Resources */ = {
			isa = PBXGroup;
			children = (
				430BC5DC1DA08F68003375F0 /* Placeholder images */,
				430BC5C91D98D95E003375F0 /* Icons */,
				430BC5BE1D971C8D003375F0 /* Fonts */,
			);
			name = Resources;
			sourceTree = "<group>";
		};
		430BC5BE1D971C8D003375F0 /* Fonts */ = {
			isa = PBXGroup;
			children = (
				430BC5C11D971D40003375F0 /* Noto_Sans */,
				430BC5BF1D971CA5003375F0 /* Roboto */,
			);
			name = Fonts;
			sourceTree = "<group>";
		};
		430BC5C91D98D95E003375F0 /* Icons */ = {
			isa = PBXGroup;
			children = (
				430BC5DF1DA096E9003375F0 /* ic_check_black_48dp */,
				430BC5DA1DA08D73003375F0 /* ic_menu_white_48dp */,
				430BC5D81DA08D4D003375F0 /* ic_search_white_48dp */,
				430BC5CE1D98DC1B003375F0 /* ic_menu_black_48dp */,
				430BC5CA1D98DABB003375F0 /* ic_location_off_black_48dp */,
			);
			name = Icons;
			sourceTree = "<group>";
		};
		430BC5DC1DA08F68003375F0 /* Placeholder images */ = {
			isa = PBXGroup;
			children = (
				433488161DAC704200FEC2D6 /* beef-burrito.jpg */,
				430BC5DD1DA090A3003375F0 /* beefbob.png */,
				430BC5C31D9720AF003375F0 /* W5_logo.png */,
			);
			name = "Placeholder images";
			sourceTree = "<group>";
		};
/* End PBXGroup section */

/* Begin PBXNativeTarget section */
		430BC5A01D8BB695003375F0 /* whatsfor5 */ = {
			isa = PBXNativeTarget;
			buildConfigurationList = 430BC5B61D8BB695003375F0 /* Build configuration list for PBXNativeTarget "whatsfor5" */;
			buildPhases = (
				430BC59D1D8BB695003375F0 /* Sources */,
				430BC59E1D8BB695003375F0 /* Frameworks */,
				430BC59F1D8BB695003375F0 /* Resources */,
			);
			buildRules = (
			);
			dependencies = (
			);
			name = whatsfor5;
			productName = whatsfor5;
			productReference = 430BC5A11D8BB695003375F0 /* whatsfor5.app */;
			productType = "com.apple.product-type.application";
		};
/* End PBXNativeTarget section */

/* Begin PBXProject section */
		430BC5991D8BB695003375F0 /* Project object */ = {
			isa = PBXProject;
			attributes = {
				LastSwiftUpdateCheck = 0730;
				LastUpgradeCheck = 0730;
				ORGANIZATIONNAME = "Tauseef Latif";
				TargetAttributes = {
					430BC5A01D8BB695003375F0 = {
						CreatedOnToolsVersion = 7.3.1;
						DevelopmentTeam = GYLD5Y8V2T;
					};
				};
			};
			buildConfigurationList = 430BC59C1D8BB695003375F0 /* Build configuration list for PBXProject "whatsfor5" */;
			compatibilityVersion = "Xcode 3.2";
			developmentRegion = English;
			hasScannedForEncodings = 0;
			knownRegions = (
				en,
				Base,
			);
			mainGroup = 430BC5981D8BB695003375F0;
			productRefGroup = 430BC5A21D8BB695003375F0 /* Products */;
			projectDirPath = "";
			projectRoot = "";
			targets = (
				430BC5A01D8BB695003375F0 /* whatsfor5 */,
			);
		};
/* End PBXProject section */

/* Begin PBXResourcesBuildPhase section */
		430BC59F1D8BB695003375F0 /* Resources */ = {
			isa = PBXResourcesBuildPhase;
			buildActionMask = 2147483647;
			files = (
				430BC5DB1DA08D73003375F0 /* ic_menu_white_48dp in Resources */,
				430BC5D91DA08D4D003375F0 /* ic_search_white_48dp in Resources */,
				430BC5B21D8BB695003375F0 /* LaunchScreen.storyboard in Resources */,
				430BC5E01DA096E9003375F0 /* ic_check_black_48dp in Resources */,
				430BC5C21D971D40003375F0 /* Noto_Sans in Resources */,
				433488171DAC704200FEC2D6 /* beef-burrito.jpg in Resources */,
				430BC5AF1D8BB695003375F0 /* Assets.xcassets in Resources */,
				430BC5AA1D8BB695003375F0 /* Main.storyboard in Resources */,
				430BC5C41D9720AF003375F0 /* W5_logo.png in Resources */,
				430BC5CF1D98DC1B003375F0 /* ic_menu_black_48dp in Resources */,
				430BC5DE1DA090A3003375F0 /* beefbob.png in Resources */,
				430BC5C01D971CA5003375F0 /* Roboto in Resources */,
				430BC5CB1D98DABB003375F0 /* ic_location_off_black_48dp in Resources */,
			);
			runOnlyForDeploymentPostprocessing = 0;
		};
/* End PBXResourcesBuildPhase section */

/* Begin PBXSourcesBuildPhase section */
		430BC59D1D8BB695003375F0 /* Sources */ = {
			isa = PBXSourcesBuildPhase;
			buildActionMask = 2147483647;
			files = (
				430BC5D11D98DFF8003375F0 /* MaterialTextField.swift in Sources */,
				43D8227F1DA3842600A47C01 /* FeedVC.swift in Sources */,
				430BC5AD1D8BB695003375F0 /* whatsfor5.xcdatamodeld in Sources */,
				430BC5A71D8BB695003375F0 /* ViewController.swift in Sources */,
				430BC5A51D8BB695003375F0 /* AppDelegate.swift in Sources */,
				430BC5D31D98E023003375F0 /* MaterialView.swift in Sources */,
				430BC5C61D9738D0003375F0 /* Constants.swift in Sources */,
				43D822811DA3859100A47C01 /* PostCell.swift in Sources */,
			);
			runOnlyForDeploymentPostprocessing = 0;
		};
/* End PBXSourcesBuildPhase section */

/* Begin PBXVariantGroup section */
		430BC5A81D8BB695003375F0 /* Main.storyboard */ = {
			isa = PBXVariantGroup;
			children = (
				430BC5A91D8BB695003375F0 /* Base */,
			);
			name = Main.storyboard;
			sourceTree = "<group>";
		};
		430BC5B01D8BB695003375F0 /* LaunchScreen.storyboard */ = {
			isa = PBXVariantGroup;
			children = (
				430BC5B11D8BB695003375F0 /* Base */,
			);
			name = LaunchScreen.storyboard;
			sourceTree = "<group>";
		};
/* End PBXVariantGroup section */

/* Begin XCBuildConfiguration section */
		430BC5B41D8BB695003375F0 /* Debug */ = {
			isa = XCBuildConfiguration;
			buildSettings = {
				ALWAYS_SEARCH_USER_PATHS = NO;
				CLANG_ANALYZER_NONNULL = YES;
				CLANG_CXX_LANGUAGE_STANDARD = "gnu++0x";
				CLANG_CXX_LIBRARY = "libc++";
				CLANG_ENABLE_MODULES = YES;
				CLANG_ENABLE_OBJC_ARC = YES;
				CLANG_WARN_BOOL_CONVERSION = YES;
				CLANG_WARN_CONSTANT_CONVERSION = YES;
				CLANG_WARN_DIRECT_OBJC_ISA_USAGE = YES_ERROR;
				CLANG_WARN_EMPTY_BODY = YES;
				CLANG_WARN_ENUM_CONVERSION = YES;
				CLANG_WARN_INT_CONVERSION = YES;
				CLANG_WARN_OBJC_ROOT_CLASS = YES_ERROR;
				CLANG_WARN_UNREACHABLE_CODE = YES;
				CLANG_WARN__DUPLICATE_METHOD_MATCH = YES;
				"CODE_SIGN_IDENTITY[sdk=iphoneos*]" = "iPhone Developer";
				COPY_PHASE_STRIP = NO;
				DEBUG_INFORMATION_FORMAT = dwarf;
				ENABLE_STRICT_OBJC_MSGSEND = YES;
				ENABLE_TESTABILITY = YES;
				GCC_C_LANGUAGE_STANDARD = gnu99;
				GCC_DYNAMIC_NO_PIC = NO;
				GCC_NO_COMMON_BLOCKS = YES;
				GCC_OPTIMIZATION_LEVEL = 0;
				GCC_PREPROCESSOR_DEFINITIONS = (
					"DEBUG=1",
					"$(inherited)",
				);
				GCC_WARN_64_TO_32_BIT_CONVERSION = YES;
				GCC_WARN_ABOUT_RETURN_TYPE = YES_ERROR;
				GCC_WARN_UNDECLARED_SELECTOR = YES;
				GCC_WARN_UNINITIALIZED_AUTOS = YES_AGGRESSIVE;
				GCC_WARN_UNUSED_FUNCTION = YES;
				GCC_WARN_UNUSED_VARIABLE = YES;
				IPHONEOS_DEPLOYMENT_TARGET = 9.3;
				MTL_ENABLE_DEBUG_INFO = YES;
				ONLY_ACTIVE_ARCH = YES;
				SDKROOT = iphoneos;
				SWIFT_OPTIMIZATION_LEVEL = "-Onone";
				TARGETED_DEVICE_FAMILY = "1,2";
			};
			name = Debug;
		};
		430BC5B51D8BB695003375F0 /* Release */ = {
			isa = XCBuildConfiguration;
			buildSettings = {
				ALWAYS_SEARCH_USER_PATHS = NO;
				CLANG_ANALYZER_NONNULL = YES;
				CLANG_CXX_LANGUAGE_STANDARD = "gnu++0x";
				CLANG_CXX_LIBRARY = "libc++";
				CLANG_ENABLE_MODULES = YES;
				CLANG_ENABLE_OBJC_ARC = YES;
				CLANG_WARN_BOOL_CONVERSION = YES;
				CLANG_WARN_CONSTANT_CONVERSION = YES;
				CLANG_WARN_DIRECT_OBJC_ISA_USAGE = YES_ERROR;
				CLANG_WARN_EMPTY_BODY = YES;
				CLANG_WARN_ENUM_CONVERSION = YES;
				CLANG_WARN_INT_CONVERSION = YES;
				CLANG_WARN_OBJC_ROOT_CLASS = YES_ERROR;
				CLANG_WARN_UNREACHABLE_CODE = YES;
				CLANG_WARN__DUPLICATE_METHOD_MATCH = YES;
				"CODE_SIGN_IDENTITY[sdk=iphoneos*]" = "iPhone Developer";
				COPY_PHASE_STRIP = NO;
				DEBUG_INFORMATION_FORMAT = "dwarf-with-dsym";
				ENABLE_NS_ASSERTIONS = NO;
				ENABLE_STRICT_OBJC_MSGSEND = YES;
				GCC_C_LANGUAGE_STANDARD = gnu99;
				GCC_NO_COMMON_BLOCKS = YES;
				GCC_WARN_64_TO_32_BIT_CONVERSION = YES;
				GCC_WARN_ABOUT_RETURN_TYPE = YES_ERROR;
				GCC_WARN_UNDECLARED_SELECTOR = YES;
				GCC_WARN_UNINITIALIZED_AUTOS = YES_AGGRESSIVE;
				GCC_WARN_UNUSED_FUNCTION = YES;
				GCC_WARN_UNUSED_VARIABLE = YES;
				IPHONEOS_DEPLOYMENT_TARGET = 9.3;
				MTL_ENABLE_DEBUG_INFO = NO;
				SDKROOT = iphoneos;
				TARGETED_DEVICE_FAMILY = "1,2";
				VALIDATE_PRODUCT = YES;
			};
			name = Release;
		};
		430BC5B71D8BB695003375F0 /* Debug */ = {
			isa = XCBuildConfiguration;
			buildSettings = {
				ASSETCATALOG_COMPILER_APPICON_NAME = AppIcon;
				INFOPLIST_FILE = whatsfor5/Info.plist;
				LD_RUNPATH_SEARCH_PATHS = "$(inherited) @executable_path/Frameworks";
				PRODUCT_BUNDLE_IDENTIFIER = com.tlatif.whatsfor5;
				PRODUCT_NAME = "$(TARGET_NAME)";
			};
			name = Debug;
		};
		430BC5B81D8BB695003375F0 /* Release */ = {
			isa = XCBuildConfiguration;
			buildSettings = {
				ASSETCATALOG_COMPILER_APPICON_NAME = AppIcon;
				INFOPLIST_FILE = whatsfor5/Info.plist;
				LD_RUNPATH_SEARCH_PATHS = "$(inherited) @executable_path/Frameworks";
				PRODUCT_BUNDLE_IDENTIFIER = com.tlatif.whatsfor5;
				PRODUCT_NAME = "$(TARGET_NAME)";
			};
			name = Release;
		};
/* End XCBuildConfiguration section */

/* Begin XCConfigurationList section */
		430BC59C1D8BB695003375F0 /* Build configuration list for PBXProject "whatsfor5" */ = {
			isa = XCConfigurationList;
			buildConfigurations = (
				430BC5B41D8BB695003375F0 /* Debug */,
				430BC5B51D8BB695003375F0 /* Release */,
			);
			defaultConfigurationIsVisible = 0;
			defaultConfigurationName = Release;
		};
		430BC5B61D8BB695003375F0 /* Build configuration list for PBXNativeTarget "whatsfor5" */ = {
			isa = XCConfigurationList;
			buildConfigurations = (
				430BC5B71D8BB695003375F0 /* Debug */,
				430BC5B81D8BB695003375F0 /* Release */,
			);
			defaultConfigurationIsVisible = 0;
			defaultConfigurationName = Release;
		};
/* End XCConfigurationList section */

/* Begin XCVersionGroup section */
		430BC5AB1D8BB695003375F0 /* whatsfor5.xcdatamodeld */ = {
			isa = XCVersionGroup;
			children = (
				430BC5AC1D8BB695003375F0 /* whatsfor5.xcdatamodel */,
			);
			currentVersion = 430BC5AC1D8BB695003375F0 /* whatsfor5.xcdatamodel */;
			path = whatsfor5.xcdatamodeld;
			sourceTree = "<group>";
			versionGroupType = wrapper.xcdatamodel;
		};
/* End XCVersionGroup section */
	};
	rootObject = 430BC5991D8BB695003375F0 /* Project object */;
}
